
Microsoft Visual Studio Solution File, Format Version 12.00
# Visual Studio Version 16
VisualStudioVersion = 16.0.30717.126
MinimumVisualStudioVersion = 10.0.40219.1
Project("{9A19103F-16F7-4668-BE54-9A1E7A4F7556}") = "XamarinSQLlite", "XamarinSQLlite\XamarinSQLlite\XamarinSQLlite.csproj", "{F7C309E1-AD37-4E18-B697-3815820FC092}"
EndProject
Project("{FAE04EC0-301F-11D3-BF4B-00C04F79EFBC}") = "XamarinSQLlite.Android", "XamarinSQLlite\XamarinSQLlite.Android\XamarinSQLlite.Android.csproj", "{421BD46F-C11E-41CF-B279-683183E49DBB}"
EndProject
Project("{FAE04EC0-301F-11D3-BF4B-00C04F79EFBC}") = "XamarinSQLlite.iOS", "XamarinSQLlite\XamarinSQLlite.iOS\XamarinSQLlite.iOS.csproj", "{193FACD5-4081-47F1-BEB1-D96809727E42}"
EndProject
Project("{2150E333-8FDC-42A3-9474-1A3956D46DE8}") = "Template.Libraries", "Template.Libraries", "{C38CB813-C4A1-4D21-8ABC-2F71C313833A}"
EndProject
Project("{FAE04EC0-301F-11D3-BF4B-00C04F79EFBC}") = "Tempalate.Business", "Tempalate.Business\Tempalate.Business.csproj", "{789CC293-5CA2-4C21-80B5-E654E122E27F}"
EndProject
Project("{2150E333-8FDC-42A3-9474-1A3956D46DE8}") = "Core", "Core", "{D23A9802-D8D6-4DC2-872E-29D5F1A5B7EB}"
EndProject
Project("{FAE04EC0-301F-11D3-BF4B-00C04F79EFBC}") = "DbCommand", "DbCommand\DbCommand.csproj", "{67DCA3DA-A95A-4C8F-B7D9-0C2B42EC33F1}"
EndProject
Project("{FAE04EC0-301F-11D3-BF4B-00C04F79EFBC}") = "Xamarin.DAL", "Xamarin.DAL\Xamarin.DAL.csproj", "{851F4E69-3814-4A11-93B7-5D69659509BA}"
EndProject
Project("{9A19103F-16F7-4668-BE54-9A1E7A4F7556}") = "API_Template", "API_Template\API_Template.csproj", "{CF4280F8-6776-4056-82F0-D898075204C9}"
EndProject
Project("{FAE04EC0-301F-11D3-BF4B-00C04F79EFBC}") = "GenTableSqlite", "GenTableSqlite\GenTableSqlite.csproj", "{86FD5DF6-ABDA-4E07-A3F1-57EBF632AD2B}"
EndProject
Global
	GlobalSection(SolutionConfigurationPlatforms) = preSolution
		Ad-Hoc|Any CPU = Ad-Hoc|Any CPU
		Ad-Hoc|iPhone = Ad-Hoc|iPhone
		Ad-Hoc|iPhoneSimulator = Ad-Hoc|iPhoneSimulator
		AppStore|Any CPU = AppStore|Any CPU
		AppStore|iPhone = AppStore|iPhone
		AppStore|iPhoneSimulator = AppStore|iPhoneSimulator
		Debug|Any CPU = Debug|Any CPU
		Debug|iPhone = Debug|iPhone
		Debug|iPhoneSimulator = Debug|iPhoneSimulator
		Release|Any CPU = Release|Any CPU
		Release|iPhone = Release|iPhone
		Release|iPhoneSimulator = Release|iPhoneSimulator
	EndGlobalSection
	GlobalSection(ProjectConfigurationPlatforms) = postSolution
		{F7C309E1-AD37-4E18-B697-3815820FC092}.Ad-Hoc|Any CPU.ActiveCfg = Debug|Any CPU
		{F7C309E1-AD37-4E18-B697-3815820FC092}.Ad-Hoc|Any CPU.Build.0 = Debug|Any CPU
		{F7C309E1-AD37-4E18-B697-3815820FC092}.Ad-Hoc|iPhone.ActiveCfg = Debug|Any CPU
		{F7C309E1-AD37-4E18-B697-3815820FC092}.Ad-Hoc|iPhone.Build.0 = Debug|Any CPU
		{F7C309E1-AD37-4E18-B697-3815820FC092}.Ad-Hoc|iPhoneSimulator.ActiveCfg = Debug|Any CPU
		{F7C309E1-AD37-4E18-B697-3815820FC092}.Ad-Hoc|iPhoneSimulator.Build.0 = Debug|Any CPU
		{F7C309E1-AD37-4E18-B697-3815820FC092}.AppStore|Any CPU.ActiveCfg = Debug|Any CPU
		{F7C309E1-AD37-4E18-B697-3815820FC092}.AppStore|Any CPU.Build.0 = Debug|Any CPU
		{F7C309E1-AD37-4E18-B697-3815820FC092}.AppStore|iPhone.ActiveCfg = Debug|Any CPU
		{F7C309E1-AD37-4E18-B697-3815820FC092}.AppStore|iPhone.Build.0 = Debug|Any CPU
		{F7C309E1-AD37-4E18-B697-3815820FC092}.AppStore|iPhoneSimulator.ActiveCfg = Debug|Any CPU
		{F7C309E1-AD37-4E18-B697-3815820FC092}.AppStore|iPhoneSimulator.Build.0 = Debug|Any CPU
		{F7C309E1-AD37-4E18-B697-3815820FC092}.Debug|Any CPU.ActiveCfg = Debug|Any CPU
		{F7C309E1-AD37-4E18-B697-3815820FC092}.Debug|Any CPU.Build.0 = Debug|Any CPU
		{F7C309E1-AD37-4E18-B697-3815820FC092}.Debug|iPhone.ActiveCfg = Debug|Any CPU
		{F7C309E1-AD37-4E18-B697-3815820FC092}.Debug|iPhone.Build.0 = Debug|Any CPU
		{F7C309E1-AD37-4E18-B697-3815820FC092}.Debug|iPhoneSimulator.ActiveCfg = Debug|Any CPU
		{F7C309E1-AD37-4E18-B697-3815820FC092}.Debug|iPhoneSimulator.Build.0 = Debug|Any CPU
		{F7C309E1-AD37-4E18-B697-3815820FC092}.Release|Any CPU.ActiveCfg = Release|Any CPU
		{F7C309E1-AD37-4E18-B697-3815820FC092}.Release|Any CPU.Build.0 = Release|Any CPU
		{F7C309E1-AD37-4E18-B697-3815820FC092}.Release|iPhone.ActiveCfg = Release|Any CPU
		{F7C309E1-AD37-4E18-B697-3815820FC092}.Release|iPhone.Build.0 = Release|Any CPU
		{F7C309E1-AD37-4E18-B697-3815820FC092}.Release|iPhoneSimulator.ActiveCfg = Release|Any CPU
		{F7C309E1-AD37-4E18-B697-3815820FC092}.Release|iPhoneSimulator.Build.0 = Release|Any CPU
		{421BD46F-C11E-41CF-B279-683183E49DBB}.Ad-Hoc|Any CPU.ActiveCfg = Debug|Any CPU
		{421BD46F-C11E-41CF-B279-683183E49DBB}.Ad-Hoc|Any CPU.Build.0 = Debug|Any CPU
		{421BD46F-C11E-41CF-B279-683183E49DBB}.Ad-Hoc|Any CPU.Deploy.0 = Debug|Any CPU
		{421BD46F-C11E-41CF-B279-683183E49DBB}.Ad-Hoc|iPhone.ActiveCfg = Debug|Any CPU
		{421BD46F-C11E-41CF-B279-683183E49DBB}.Ad-Hoc|iPhone.Build.0 = Debug|Any CPU
		{421BD46F-C11E-41CF-B279-683183E49DBB}.Ad-Hoc|iPhone.Deploy.0 = Debug|Any CPU
		{421BD46F-C11E-41CF-B279-683183E49DBB}.Ad-Hoc|iPhoneSimulator.ActiveCfg = Debug|Any CPU
		{421BD46F-C11E-41CF-B279-683183E49DBB}.Ad-Hoc|iPhoneSimulator.Build.0 = Debug|Any CPU
		{421BD46F-C11E-41CF-B279-683183E49DBB}.Ad-Hoc|iPhoneSimulator.Deploy.0 = Debug|Any CPU
		{421BD46F-C11E-41CF-B279-683183E49DBB}.AppStore|Any CPU.ActiveCfg = Debug|Any CPU
		{421BD46F-C11E-41CF-B279-683183E49DBB}.AppStore|Any CPU.Build.0 = Debug|Any CPU
		{421BD46F-C11E-41CF-B279-683183E49DBB}.AppStore|Any CPU.Deploy.0 = Debug|Any CPU
		{421BD46F-C11E-41CF-B279-683183E49DBB}.AppStore|iPhone.ActiveCfg = Debug|Any CPU
		{421BD46F-C11E-41CF-B279-683183E49DBB}.AppStore|iPhone.Build.0 = Debug|Any CPU
		{421BD46F-C11E-41CF-B279-683183E49DBB}.AppStore|iPhone.Deploy.0 = Debug|Any CPU
		{421BD46F-C11E-41CF-B279-683183E49DBB}.AppStore|iPhoneSimulator.ActiveCfg = Debug|Any CPU
		{421BD46F-C11E-41CF-B279-683183E49DBB}.AppStore|iPhoneSimulator.Build.0 = Debug|Any CPU
		{421BD46F-C11E-41CF-B279-683183E49DBB}.AppStore|iPhoneSimulator.Deploy.0 = Debug|Any CPU
		{421BD46F-C11E-41CF-B279-683183E49DBB}.Debug|Any CPU.ActiveCfg = Debug|Any CPU
		{421BD46F-C11E-41CF-B279-683183E49DBB}.Debug|Any CPU.Build.0 = Debug|Any CPU
		{421BD46F-C11E-41CF-B279-683183E49DBB}.Debug|Any CPU.Deploy.0 = Debug|Any CPU
		{421BD46F-C11E-41CF-B279-683183E49DBB}.Debug|iPhone.ActiveCfg = Debug|Any CPU
		{421BD46F-C11E-41CF-B279-683183E49DBB}.Debug|iPhone.Build.0 = Debug|Any CPU
		{421BD46F-C11E-41CF-B279-683183E49DBB}.Debug|iPhone.Deploy.0 = Debug|Any CPU
		{421BD46F-C11E-41CF-B279-683183E49DBB}.Debug|iPhoneSimulator.ActiveCfg = Debug|Any CPU
		{421BD46F-C11E-41CF-B279-683183E49DBB}.Debug|iPhoneSimulator.Build.0 = Debug|Any CPU
		{421BD46F-C11E-41CF-B279-683183E49DBB}.Debug|iPhoneSimulator.Deploy.0 = Debug|Any CPU
		{421BD46F-C11E-41CF-B279-683183E49DBB}.Release|Any CPU.ActiveCfg = Release|Any CPU
		{421BD46F-C11E-41CF-B279-683183E49DBB}.Release|Any CPU.Build.0 = Release|Any CPU
		{421BD46F-C11E-41CF-B279-683183E49DBB}.Release|Any CPU.Deploy.0 = Release|Any CPU
		{421BD46F-C11E-41CF-B279-683183E49DBB}.Release|iPhone.ActiveCfg = Release|Any CPU
		{421BD46F-C11E-41CF-B279-683183E49DBB}.Release|iPhone.Build.0 = Release|Any CPU
		{421BD46F-C11E-41CF-B279-683183E49DBB}.Release|iPhone.Deploy.0 = Release|Any CPU
		{421BD46F-C11E-41CF-B279-683183E49DBB}.Release|iPhoneSimulator.ActiveCfg = Release|Any CPU
		{421BD46F-C11E-41CF-B279-683183E49DBB}.Release|iPhoneSimulator.Build.0 = Release|Any CPU
		{421BD46F-C11E-41CF-B279-683183E49DBB}.Release|iPhoneSimulator.Deploy.0 = Release|Any CPU
		{193FACD5-4081-47F1-BEB1-D96809727E42}.Ad-Hoc|Any CPU.ActiveCfg = Ad-Hoc|iPhoneSimulator
		{193FACD5-4081-47F1-BEB1-D96809727E42}.Ad-Hoc|iPhone.ActiveCfg = Ad-Hoc|iPhone
		{193FACD5-4081-47F1-BEB1-D96809727E42}.Ad-Hoc|iPhone.Build.0 = Ad-Hoc|iPhone
		{193FACD5-4081-47F1-BEB1-D96809727E42}.Ad-Hoc|iPhoneSimulator.ActiveCfg = Ad-Hoc|iPhoneSimulator
		{193FACD5-4081-47F1-BEB1-D96809727E42}.Ad-Hoc|iPhoneSimulator.Build.0 = Ad-Hoc|iPhoneSimulator
		{193FACD5-4081-47F1-BEB1-D96809727E42}.AppStore|Any CPU.ActiveCfg = AppStore|iPhoneSimulator
		{193FACD5-4081-47F1-BEB1-D96809727E42}.AppStore|iPhone.ActiveCfg = AppStore|iPhone
		{193FACD5-4081-47F1-BEB1-D96809727E42}.AppStore|iPhone.Build.0 = AppStore|iPhone
		{193FACD5-4081-47F1-BEB1-D96809727E42}.AppStore|iPhoneSimulator.ActiveCfg = AppStore|iPhoneSimulator
		{193FACD5-4081-47F1-BEB1-D96809727E42}.AppStore|iPhoneSimulator.Build.0 = AppStore|iPhoneSimulator
		{193FACD5-4081-47F1-BEB1-D96809727E42}.Debug|Any CPU.ActiveCfg = Debug|iPhoneSimulator
		{193FACD5-4081-47F1-BEB1-D96809727E42}.Debug|iPhone.ActiveCfg = Debug|iPhone
		{193FACD5-4081-47F1-BEB1-D96809727E42}.Debug|iPhone.Build.0 = Debug|iPhone
		{193FACD5-4081-47F1-BEB1-D96809727E42}.Debug|iPhoneSimulator.ActiveCfg = Debug|iPhoneSimulator
		{193FACD5-4081-47F1-BEB1-D96809727E42}.Debug|iPhoneSimulator.Build.0 = Debug|iPhoneSimulator
		{193FACD5-4081-47F1-BEB1-D96809727E42}.Release|Any CPU.ActiveCfg = Release|iPhoneSimulator
		{193FACD5-4081-47F1-BEB1-D96809727E42}.Release|iPhone.ActiveCfg = Release|iPhone
		{193FACD5-4081-47F1-BEB1-D96809727E42}.Release|iPhone.Build.0 = Release|iPhone
		{193FACD5-4081-47F1-BEB1-D96809727E42}.Release|iPhoneSimulator.ActiveCfg = Release|iPhoneSimulator
		{193FACD5-4081-47F1-BEB1-D96809727E42}.Release|iPhoneSimulator.Build.0 = Release|iPhoneSimulator
		{789CC293-5CA2-4C21-80B5-E654E122E27F}.Ad-Hoc|Any CPU.ActiveCfg = Debug|Any CPU
		{789CC293-5CA2-4C21-80B5-E654E122E27F}.Ad-Hoc|Any CPU.Build.0 = Debug|Any CPU
		{789CC293-5CA2-4C21-80B5-E654E122E27F}.Ad-Hoc|iPhone.ActiveCfg = Debug|Any CPU
		{789CC293-5CA2-4C21-80B5-E654E122E27F}.Ad-Hoc|iPhone.Build.0 = Debug|Any CPU
		{789CC293-5CA2-4C21-80B5-E654E122E27F}.Ad-Hoc|iPhoneSimulator.ActiveCfg = Debug|Any CPU
		{789CC293-5CA2-4C21-80B5-E654E122E27F}.Ad-Hoc|iPhoneSimulator.Build.0 = Debug|Any CPU
		{789CC293-5CA2-4C21-80B5-E654E122E27F}.AppStore|Any CPU.ActiveCfg = Debug|Any CPU
		{789CC293-5CA2-4C21-80B5-E654E122E27F}.AppStore|Any CPU.Build.0 = Debug|Any CPU
		{789CC293-5CA2-4C21-80B5-E654E122E27F}.AppStore|iPhone.ActiveCfg = Debug|Any CPU
		{789CC293-5CA2-4C21-80B5-E654E122E27F}.AppStore|iPhone.Build.0 = Debug|Any CPU
		{789CC293-5CA2-4C21-80B5-E654E122E27F}.AppStore|iPhoneSimulator.ActiveCfg = Debug|Any CPU
		{789CC293-5CA2-4C21-80B5-E654E122E27F}.AppStore|iPhoneSimulator.Build.0 = Debug|Any CPU
		{789CC293-5CA2-4C21-80B5-E654E122E27F}.Debug|Any CPU.ActiveCfg = Debug|Any CPU
		{789CC293-5CA2-4C21-80B5-E654E122E27F}.Debug|Any CPU.Build.0 = Debug|Any CPU
		{789CC293-5CA2-4C21-80B5-E654E122E27F}.Debug|iPhone.ActiveCfg = Debug|Any CPU
		{789CC293-5CA2-4C21-80B5-E654E122E27F}.Debug|iPhone.Build.0 = Debug|Any CPU
		{789CC293-5CA2-4C21-80B5-E654E122E27F}.Debug|iPhoneSimulator.ActiveCfg = Debug|Any CPU
		{789CC293-5CA2-4C21-80B5-E654E122E27F}.Debug|iPhoneSimulator.Build.0 = Debug|Any CPU
		{789CC293-5CA2-4C21-80B5-E654E122E27F}.Release|Any CPU.ActiveCfg = Release|Any CPU
		{789CC293-5CA2-4C21-80B5-E654E122E27F}.Release|Any CPU.Build.0 = Release|Any CPU
		{789CC293-5CA2-4C21-80B5-E654E122E27F}.Release|iPhone.ActiveCfg = Release|Any CPU
		{789CC293-5CA2-4C21-80B5-E654E122E27F}.Release|iPhone.Build.0 = Release|Any CPU
		{789CC293-5CA2-4C21-80B5-E654E122E27F}.Release|iPhoneSimulator.ActiveCfg = Release|Any CPU
		{789CC293-5CA2-4C21-80B5-E654E122E27F}.Release|iPhoneSimulator.Build.0 = Release|Any CPU
		{67DCA3DA-A95A-4C8F-B7D9-0C2B42EC33F1}.Ad-Hoc|Any CPU.ActiveCfg = Debug|Any CPU
		{67DCA3DA-A95A-4C8F-B7D9-0C2B42EC33F1}.Ad-Hoc|Any CPU.Build.0 = Debug|Any CPU
		{67DCA3DA-A95A-4C8F-B7D9-0C2B42EC33F1}.Ad-Hoc|iPhone.ActiveCfg = Debug|Any CPU
		{67DCA3DA-A95A-4C8F-B7D9-0C2B42EC33F1}.Ad-Hoc|iPhone.Build.0 = Debug|Any CPU
		{67DCA3DA-A95A-4C8F-B7D9-0C2B42EC33F1}.Ad-Hoc|iPhoneSimulator.ActiveCfg = Debug|Any CPU
		{67DCA3DA-A95A-4C8F-B7D9-0C2B42EC33F1}.Ad-Hoc|iPhoneSimulator.Build.0 = Debug|Any CPU
		{67DCA3DA-A95A-4C8F-B7D9-0C2B42EC33F1}.AppStore|Any CPU.ActiveCfg = Debug|Any CPU
		{67DCA3DA-A95A-4C8F-B7D9-0C2B42EC33F1}.AppStore|Any CPU.Build.0 = Debug|Any CPU
		{67DCA3DA-A95A-4C8F-B7D9-0C2B42EC33F1}.AppStore|iPhone.ActiveCfg = Debug|Any CPU
		{67DCA3DA-A95A-4C8F-B7D9-0C2B42EC33F1}.AppStore|iPhone.Build.0 = Debug|Any CPU
		{67DCA3DA-A95A-4C8F-B7D9-0C2B42EC33F1}.AppStore|iPhoneSimulator.ActiveCfg = Debug|Any CPU
		{67DCA3DA-A95A-4C8F-B7D9-0C2B42EC33F1}.AppStore|iPhoneSimulator.Build.0 = Debug|Any CPU
		{67DCA3DA-A95A-4C8F-B7D9-0C2B42EC33F1}.Debug|Any CPU.ActiveCfg = Debug|Any CPU
		{67DCA3DA-A95A-4C8F-B7D9-0C2B42EC33F1}.Debug|Any CPU.Build.0 = Debug|Any CPU
		{67DCA3DA-A95A-4C8F-B7D9-0C2B42EC33F1}.Debug|iPhone.ActiveCfg = Debug|Any CPU
		{67DCA3DA-A95A-4C8F-B7D9-0C2B42EC33F1}.Debug|iPhone.Build.0 = Debug|Any CPU
		{67DCA3DA-A95A-4C8F-B7D9-0C2B42EC33F1}.Debug|iPhoneSimulator.ActiveCfg = Debug|Any CPU
		{67DCA3DA-A95A-4C8F-B7D9-0C2B42EC33F1}.Debug|iPhoneSimulator.Build.0 = Debug|Any CPU
		{67DCA3DA-A95A-4C8F-B7D9-0C2B42EC33F1}.Release|Any CPU.ActiveCfg = Release|Any CPU
		{67DCA3DA-A95A-4C8F-B7D9-0C2B42EC33F1}.Release|Any CPU.Build.0 = Release|Any CPU
		{67DCA3DA-A95A-4C8F-B7D9-0C2B42EC33F1}.Release|iPhone.ActiveCfg = Release|Any CPU
		{67DCA3DA-A95A-4C8F-B7D9-0C2B42EC33F1}.Release|iPhone.Build.0 = Release|Any CPU
		{67DCA3DA-A95A-4C8F-B7D9-0C2B42EC33F1}.Release|iPhoneSimulator.ActiveCfg = Release|Any CPU
		{67DCA3DA-A95A-4C8F-B7D9-0C2B42EC33F1}.Release|iPhoneSimulator.Build.0 = Release|Any CPU
		{851F4E69-3814-4A11-93B7-5D69659509BA}.Ad-Hoc|Any CPU.ActiveCfg = Debug|Any CPU
		{851F4E69-3814-4A11-93B7-5D69659509BA}.Ad-Hoc|Any CPU.Build.0 = Debug|Any CPU
		{851F4E69-3814-4A11-93B7-5D69659509BA}.Ad-Hoc|iPhone.ActiveCfg = Debug|Any CPU
		{851F4E69-3814-4A11-93B7-5D69659509BA}.Ad-Hoc|iPhone.Build.0 = Debug|Any CPU
		{851F4E69-3814-4A11-93B7-5D69659509BA}.Ad-Hoc|iPhoneSimulator.ActiveCfg = Debug|Any CPU
		{851F4E69-3814-4A11-93B7-5D69659509BA}.Ad-Hoc|iPhoneSimulator.Build.0 = Debug|Any CPU
		{851F4E69-3814-4A11-93B7-5D69659509BA}.AppStore|Any CPU.ActiveCfg = Debug|Any CPU
		{851F4E69-3814-4A11-93B7-5D69659509BA}.AppStore|Any CPU.Build.0 = Debug|Any CPU
		{851F4E69-3814-4A11-93B7-5D69659509BA}.AppStore|iPhone.ActiveCfg = Debug|Any CPU
		{851F4E69-3814-4A11-93B7-5D69659509BA}.AppStore|iPhone.Build.0 = Debug|Any CPU
		{851F4E69-3814-4A11-93B7-5D69659509BA}.AppStore|iPhoneSimulator.ActiveCfg = Debug|Any CPU
		{851F4E69-3814-4A11-93B7-5D69659509BA}.AppStore|iPhoneSimulator.Build.0 = Debug|Any CPU
		{851F4E69-3814-4A11-93B7-5D69659509BA}.Debug|Any CPU.ActiveCfg = Debug|Any CPU
		{851F4E69-3814-4A11-93B7-5D69659509BA}.Debug|Any CPU.Build.0 = Debug|Any CPU
		{851F4E69-3814-4A11-93B7-5D69659509BA}.Debug|iPhone.ActiveCfg = Debug|Any CPU
		{851F4E69-3814-4A11-93B7-5D69659509BA}.Debug|iPhone.Build.0 = Debug|Any CPU
		{851F4E69-3814-4A11-93B7-5D69659509BA}.Debug|iPhoneSimulator.ActiveCfg = Debug|Any CPU
		{851F4E69-3814-4A11-93B7-5D69659509BA}.Debug|iPhoneSimulator.Build.0 = Debug|Any CPU
		{851F4E69-3814-4A11-93B7-5D69659509BA}.Release|Any CPU.ActiveCfg = Release|Any CPU
		{851F4E69-3814-4A11-93B7-5D69659509BA}.Release|Any CPU.Build.0 = Release|Any CPU
		{851F4E69-3814-4A11-93B7-5D69659509BA}.Release|iPhone.ActiveCfg = Release|Any CPU
		{851F4E69-3814-4A11-93B7-5D69659509BA}.Release|iPhone.Build.0 = Release|Any CPU
		{851F4E69-3814-4A11-93B7-5D69659509BA}.Release|iPhoneSimulator.ActiveCfg = Release|Any CPU
		{851F4E69-3814-4A11-93B7-5D69659509BA}.Release|iPhoneSimulator.Build.0 = Release|Any CPU
		{CF4280F8-6776-4056-82F0-D898075204C9}.Ad-Hoc|Any CPU.ActiveCfg = Debug|Any CPU
		{CF4280F8-6776-4056-82F0-D898075204C9}.Ad-Hoc|Any CPU.Build.0 = Debug|Any CPU
		{CF4280F8-6776-4056-82F0-D898075204C9}.Ad-Hoc|iPhone.ActiveCfg = Debug|Any CPU
		{CF4280F8-6776-4056-82F0-D898075204C9}.Ad-Hoc|iPhone.Build.0 = Debug|Any CPU
		{CF4280F8-6776-4056-82F0-D898075204C9}.Ad-Hoc|iPhoneSimulator.ActiveCfg = Debug|Any CPU
		{CF4280F8-6776-4056-82F0-D898075204C9}.Ad-Hoc|iPhoneSimulator.Build.0 = Debug|Any CPU
		{CF4280F8-6776-4056-82F0-D898075204C9}.AppStore|Any CPU.ActiveCfg = Debug|Any CPU
		{CF4280F8-6776-4056-82F0-D898075204C9}.AppStore|Any CPU.Build.0 = Debug|Any CPU
		{CF4280F8-6776-4056-82F0-D898075204C9}.AppStore|iPhone.ActiveCfg = Debug|Any CPU
		{CF4280F8-6776-4056-82F0-D898075204C9}.AppStore|iPhone.Build.0 = Debug|Any CPU
		{CF4280F8-6776-4056-82F0-D898075204C9}.AppStore|iPhoneSimulator.ActiveCfg = Debug|Any CPU
		{CF4280F8-6776-4056-82F0-D898075204C9}.AppStore|iPhoneSimulator.Build.0 = Debug|Any CPU
		{CF4280F8-6776-4056-82F0-D898075204C9}.Debug|Any CPU.ActiveCfg = Debug|Any CPU
		{CF4280F8-6776-4056-82F0-D898075204C9}.Debug|Any CPU.Build.0 = Debug|Any CPU
		{CF4280F8-6776-4056-82F0-D898075204C9}.Debug|iPhone.ActiveCfg = Debug|Any CPU
		{CF4280F8-6776-4056-82F0-D898075204C9}.Debug|iPhone.Build.0 = Debug|Any CPU
		{CF4280F8-6776-4056-82F0-D898075204C9}.Debug|iPhoneSimulator.ActiveCfg = Debug|Any CPU
		{CF4280F8-6776-4056-82F0-D898075204C9}.Debug|iPhoneSimulator.Build.0 = Debug|Any CPU
		{CF4280F8-6776-4056-82F0-D898075204C9}.Release|Any CPU.ActiveCfg = Release|Any CPU
		{CF4280F8-6776-4056-82F0-D898075204C9}.Release|Any CPU.Build.0 = Release|Any CPU
		{CF4280F8-6776-4056-82F0-D898075204C9}.Release|iPhone.ActiveCfg = Release|Any CPU
		{CF4280F8-6776-4056-82F0-D898075204C9}.Release|iPhone.Build.0 = Release|Any CPU
		{CF4280F8-6776-4056-82F0-D898075204C9}.Release|iPhoneSimulator.ActiveCfg = Release|Any CPU
		{CF4280F8-6776-4056-82F0-D898075204C9}.Release|iPhoneSimulator.Build.0 = Release|Any CPU
		{86FD5DF6-ABDA-4E07-A3F1-57EBF632AD2B}.Ad-Hoc|Any CPU.ActiveCfg = Debug|Any CPU
		{86FD5DF6-ABDA-4E07-A3F1-57EBF632AD2B}.Ad-Hoc|Any CPU.Build.0 = Debug|Any CPU
		{86FD5DF6-ABDA-4E07-A3F1-57EBF632AD2B}.Ad-Hoc|iPhone.ActiveCfg = Debug|Any CPU
		{86FD5DF6-ABDA-4E07-A3F1-57EBF632AD2B}.Ad-Hoc|iPhone.Build.0 = Debug|Any CPU
		{86FD5DF6-ABDA-4E07-A3F1-57EBF632AD2B}.Ad-Hoc|iPhoneSimulator.ActiveCfg = Debug|Any CPU
		{86FD5DF6-ABDA-4E07-A3F1-57EBF632AD2B}.Ad-Hoc|iPhoneSimulator.Build.0 = Debug|Any CPU
		{86FD5DF6-ABDA-4E07-A3F1-57EBF632AD2B}.AppStore|Any CPU.ActiveCfg = Debug|Any CPU
		{86FD5DF6-ABDA-4E07-A3F1-57EBF632AD2B}.AppStore|Any CPU.Build.0 = Debug|Any CPU
		{86FD5DF6-ABDA-4E07-A3F1-57EBF632AD2B}.AppStore|iPhone.ActiveCfg = Debug|Any CPU
		{86FD5DF6-ABDA-4E07-A3F1-57EBF632AD2B}.AppStore|iPhone.Build.0 = Debug|Any CPU
		{86FD5DF6-ABDA-4E07-A3F1-57EBF632AD2B}.AppStore|iPhoneSimulator.ActiveCfg = Debug|Any CPU
		{86FD5DF6-ABDA-4E07-A3F1-57EBF632AD2B}.AppStore|iPhoneSimulator.Build.0 = Debug|Any CPU
		{86FD5DF6-ABDA-4E07-A3F1-57EBF632AD2B}.Debug|Any CPU.ActiveCfg = Debug|Any CPU
		{86FD5DF6-ABDA-4E07-A3F1-57EBF632AD2B}.Debug|Any CPU.Build.0 = Debug|Any CPU
		{86FD5DF6-ABDA-4E07-A3F1-57EBF632AD2B}.Debug|iPhone.ActiveCfg = Debug|Any CPU
		{86FD5DF6-ABDA-4E07-A3F1-57EBF632AD2B}.Debug|iPhone.Build.0 = Debug|Any CPU
		{86FD5DF6-ABDA-4E07-A3F1-57EBF632AD2B}.Debug|iPhoneSimulator.ActiveCfg = Debug|Any CPU
		{86FD5DF6-ABDA-4E07-A3F1-57EBF632AD2B}.Debug|iPhoneSimulator.Build.0 = Debug|Any CPU
		{86FD5DF6-ABDA-4E07-A3F1-57EBF632AD2B}.Release|Any CPU.ActiveCfg = Release|Any CPU
		{86FD5DF6-ABDA-4E07-A3F1-57EBF632AD2B}.Release|Any CPU.Build.0 = Release|Any CPU
		{86FD5DF6-ABDA-4E07-A3F1-57EBF632AD2B}.Release|iPhone.ActiveCfg = Release|Any CPU
		{86FD5DF6-ABDA-4E07-A3F1-57EBF632AD2B}.Release|iPhone.Build.0 = Release|Any CPU
		{86FD5DF6-ABDA-4E07-A3F1-57EBF632AD2B}.Release|iPhoneSimulator.ActiveCfg = Release|Any CPU
		{86FD5DF6-ABDA-4E07-A3F1-57EBF632AD2B}.Release|iPhoneSimulator.Build.0 = Release|Any CPU
	EndGlobalSection
	GlobalSection(SolutionProperties) = preSolution
		HideSolutionNode = FALSE
	EndGlobalSection
	GlobalSection(NestedProjects) = preSolution
		{789CC293-5CA2-4C21-80B5-E654E122E27F} = {C38CB813-C4A1-4D21-8ABC-2F71C313833A}
		{67DCA3DA-A95A-4C8F-B7D9-0C2B42EC33F1} = {D23A9802-D8D6-4DC2-872E-29D5F1A5B7EB}
		{851F4E69-3814-4A11-93B7-5D69659509BA} = {D23A9802-D8D6-4DC2-872E-29D5F1A5B7EB}
		{CF4280F8-6776-4056-82F0-D898075204C9} = {D23A9802-D8D6-4DC2-872E-29D5F1A5B7EB}
	EndGlobalSection
	GlobalSection(ExtensibilityGlobals) = postSolution
		SolutionGuid = {CCA1DE2B-96BA-41C1-9EFB-72294C78E499}
	EndGlobalSection
EndGlobal
